
Microsoft Visual Studio Solution File, Format Version 12.00
# Visual Studio 2013
VisualStudioVersion = 12.0.30501.0
MinimumVisualStudioVersion = 10.0.40219.1
Project("{9092AA53-FB77-4645-B42D-1CCCA6BD08BD}") = "Cardboard", "Cardboard.njsproj", "{DF451039-75E0-45EE-8E10-86F5B0E5126E}"
EndProject
Global
	GlobalSection(SolutionConfigurationPlatforms) = preSolution
		Debug|Any CPU = Debug|Any CPU
		Release|Any CPU = Release|Any CPU
	EndGlobalSection
	GlobalSection(ProjectConfigurationPlatforms) = postSolution
		{DF451039-75E0-45EE-8E10-86F5B0E5126E}.Debug|Any CPU.ActiveCfg = Debug|Any CPU
		{DF451039-75E0-45EE-8E10-86F5B0E5126E}.Debug|Any CPU.Build.0 = Debug|Any CPU
		{DF451039-75E0-45EE-8E10-86F5B0E5126E}.Release|Any CPU.ActiveCfg = Release|Any CPU
		{DF451039-75E0-45EE-8E10-86F5B0E5126E}.Release|Any CPU.Build.0 = Release|Any CPU
	EndGlobalSection
	GlobalSection(SolutionProperties) = preSolution
		HideSolutionNode = FALSE
	EndGlobalSection
EndGlobal
